Microsoft Visual Studio Solution File, Format Version 12.00
# Visual Studio Version 17
VisualStudioVersion = 17.5.2.0
MinimumVisualStudioVersion = 10.0.40219.1
Project("{FAE04EC0-301F-11D3-BF4B-00C04F79EFBC}") = "LocalRagSK", "LocalRagSK.csproj", "{7131138F-30A3-0B36-7DE7-54030FDCC6AF}"
EndProject
Global
	GlobalSection(SolutionConfigurationPlatforms) = preSolution
		Debug|Any CPU = Debug|Any CPU
		Release|Any CPU = Release|Any CPU
	EndGlobalSection
	GlobalSection(ProjectConfigurationPlatforms) = postSolution
		{7131138F-30A3-0B36-7DE7-54030FDCC6AF}.Debug|Any CPU.ActiveCfg = Debug|Any CPU
		{7131138F-30A3-0B36-7DE7-54030FDCC6AF}.Debug|Any CPU.Build.0 = Debug|Any CPU
		{7131138F-30A3-0B36-7DE7-54030FDCC6AF}.Release|Any CPU.ActiveCfg = Release|Any CPU
		{7131138F-30A3-0B36-7DE7-54030FDCC6AF}.Release|Any CPU.Build.0 = Release|Any CPU
	EndGlobalSection
	GlobalSection(SolutionProperties) = preSolution
		HideSolutionNode = FALSE
	EndGlobalSection
	GlobalSection(ExtensibilityGlobals) = postSolution
		SolutionGuid = {E531F658-D101-488F-ADEC-EA636C96C71B}
	EndGlobalSection
EndGlobal
